
Microsoft Visual Studio Solution File, Format Version 12.00
# Visual Studio Version 17
VisualStudioVersion = 17.7.34202.233
MinimumVisualStudioVersion = 10.0.40219.1
Project("{9A19103F-16F7-4668-BE54-9A1E7A4F7556}") = "ChessAI.App", "ChessAI.App\ChessAI.App.csproj", "{7FD6B24E-33A0-492C-A18E-17AEBD4D671B}"
EndProject
Project("{FAE04EC0-301F-11D3-BF4B-00C04F79EFBC}") = "ChessAI.Tests", "ChessAI.Tests\ChessAI.Tests.csproj", "{5B2775CA-9B70-4270-A5B4-58152AC6B24E}"
EndProject
Project("{FAE04EC0-301F-11D3-BF4B-00C04F79EFBC}") = "ChessAI.Shared", "ChessAI.Shared\ChessAI.Shared.csproj", "{DD32BFD7-DE3D-478A-BDBC-D10799DAA486}"
EndProject
Project("{FAE04EC0-301F-11D3-BF4B-00C04F79EFBC}") = "ChessAI.Model", "ChessAI.Model\ChessAI.Model.csproj", "{F381F0A7-99CA-4F24-BF55-CA183CEF34D3}"
EndProject
Project("{FAE04EC0-301F-11D3-BF4B-00C04F79EFBC}") = "ChessAI.Attacks", "ChessAI.Attacks\ChessAI.Attacks.csproj", "{4B1B70BF-301C-45BA-9601-E6252EC858C1}"
EndProject
Project("{FAE04EC0-301F-11D3-BF4B-00C04F79EFBC}") = "ChessAI.Game", "ChessAI.Game\ChessAI.Game.csproj", "{EE5B0A95-1C95-4AE9-91E9-EA2C33E7657A}"
EndProject
Global
	GlobalSection(SolutionConfigurationPlatforms) = preSolution
		Debug|Any CPU = Debug|Any CPU
		Release|Any CPU = Release|Any CPU
	EndGlobalSection
	GlobalSection(ProjectConfigurationPlatforms) = postSolution
		{7FD6B24E-33A0-492C-A18E-17AEBD4D671B}.Debug|Any CPU.ActiveCfg = Debug|Any CPU
		{7FD6B24E-33A0-492C-A18E-17AEBD4D671B}.Debug|Any CPU.Build.0 = Debug|Any CPU
		{7FD6B24E-33A0-492C-A18E-17AEBD4D671B}.Release|Any CPU.ActiveCfg = Release|Any CPU
		{7FD6B24E-33A0-492C-A18E-17AEBD4D671B}.Release|Any CPU.Build.0 = Release|Any CPU
		{5B2775CA-9B70-4270-A5B4-58152AC6B24E}.Debug|Any CPU.ActiveCfg = Debug|Any CPU
		{5B2775CA-9B70-4270-A5B4-58152AC6B24E}.Debug|Any CPU.Build.0 = Debug|Any CPU
		{5B2775CA-9B70-4270-A5B4-58152AC6B24E}.Release|Any CPU.ActiveCfg = Release|Any CPU
		{5B2775CA-9B70-4270-A5B4-58152AC6B24E}.Release|Any CPU.Build.0 = Release|Any CPU
		{DD32BFD7-DE3D-478A-BDBC-D10799DAA486}.Debug|Any CPU.ActiveCfg = Debug|Any CPU
		{DD32BFD7-DE3D-478A-BDBC-D10799DAA486}.Debug|Any CPU.Build.0 = Debug|Any CPU
		{DD32BFD7-DE3D-478A-BDBC-D10799DAA486}.Release|Any CPU.ActiveCfg = Release|Any CPU
		{DD32BFD7-DE3D-478A-BDBC-D10799DAA486}.Release|Any CPU.Build.0 = Release|Any CPU
		{F381F0A7-99CA-4F24-BF55-CA183CEF34D3}.Debug|Any CPU.ActiveCfg = Debug|Any CPU
		{F381F0A7-99CA-4F24-BF55-CA183CEF34D3}.Debug|Any CPU.Build.0 = Debug|Any CPU
		{F381F0A7-99CA-4F24-BF55-CA183CEF34D3}.Release|Any CPU.ActiveCfg = Release|Any CPU
		{F381F0A7-99CA-4F24-BF55-CA183CEF34D3}.Release|Any CPU.Build.0 = Release|Any CPU
		{4B1B70BF-301C-45BA-9601-E6252EC858C1}.Debug|Any CPU.ActiveCfg = Debug|Any CPU
		{4B1B70BF-301C-45BA-9601-E6252EC858C1}.Debug|Any CPU.Build.0 = Debug|Any CPU
		{4B1B70BF-301C-45BA-9601-E6252EC858C1}.Release|Any CPU.ActiveCfg = Release|Any CPU
		{4B1B70BF-301C-45BA-9601-E6252EC858C1}.Release|Any CPU.Build.0 = Release|Any CPU
		{EE5B0A95-1C95-4AE9-91E9-EA2C33E7657A}.Debug|Any CPU.ActiveCfg = Debug|Any CPU
		{EE5B0A95-1C95-4AE9-91E9-EA2C33E7657A}.Debug|Any CPU.Build.0 = Debug|Any CPU
		{EE5B0A95-1C95-4AE9-91E9-EA2C33E7657A}.Release|Any CPU.ActiveCfg = Release|Any CPU
		{EE5B0A95-1C95-4AE9-91E9-EA2C33E7657A}.Release|Any CPU.Build.0 = Release|Any CPU
	EndGlobalSection
	GlobalSection(SolutionProperties) = preSolution
		HideSolutionNode = FALSE
	EndGlobalSection
	GlobalSection(ExtensibilityGlobals) = postSolution
		SolutionGuid = {A9BCE092-624F-4390-8677-8FBB6D4B06E0}
	EndGlobalSection
EndGlobal
